
Microsoft Visual Studio Solution File, Format Version 12.00
# Visual Studio Version 16
VisualStudioVersion = 16.0.29920.165
MinimumVisualStudioVersion = 10.0.40219.1
Project("{FAE04EC0-301F-11D3-BF4B-00C04F79EFBC}") = "CleanArchSolution", "CleanArchSolution.csproj", "{E4DF1CB1-F56A-4C4A-9872-FC96450F185C}"
EndProject
Global
	GlobalSection(SolutionConfigurationPlatforms) = preSolution
		Debug|Any CPU = Debug|Any CPU
		Release|Any CPU = Release|Any CPU
	EndGlobalSection
	GlobalSection(ProjectConfigurationPlatforms) = postSolution
		{E4DF1CB1-F56A-4C4A-9872-FC96450F185C}.Debug|Any CPU.ActiveCfg = Debug|Any CPU
		{E4DF1CB1-F56A-4C4A-9872-FC96450F185C}.Debug|Any CPU.Build.0 = Debug|Any CPU
		{E4DF1CB1-F56A-4C4A-9872-FC96450F185C}.Release|Any CPU.ActiveCfg = Release|Any CPU
		{E4DF1CB1-F56A-4C4A-9872-FC96450F185C}.Release|Any CPU.Build.0 = Release|Any CPU
	EndGlobalSection
	GlobalSection(SolutionProperties) = preSolution
		HideSolutionNode = FALSE
	EndGlobalSection
	GlobalSection(ExtensibilityGlobals) = postSolution
		SolutionGuid = {28E4BDB8-4F10-45C3-90C9-1D225474008D}
	EndGlobalSection
EndGlobal
